// !$*UTF8*$!
{
	archiveVersion = 1;
	classes = {
	};
	objectVersion = 77;
	objects = {

/* Begin PBXBuildFile section */
		30EFF4602C6AA42800408169 /* WeekNumberLibrary in Resources */ = {isa = PBXBuildFile; fileRef = 30EFF45D2C6AA42800408169 /* WeekNumberLibrary */; };
		30EFF46E2C6AD5C100408169 /* WeekNumberLibrary in Frameworks */ = {isa = PBXBuildFile; productRef = 30EFF46D2C6AD5C100408169 /* WeekNumberLibrary */; };
/* End PBXBuildFile section */

/* Begin PBXContainerItemProxy section */
		300C1FAE2C6AA20D0081BB6F /* PBXContainerItemProxy */ = {
			isa = PBXContainerItemProxy;
			containerPortal = 300C1F942C6AA20C0081BB6F /* Project object */;
			proxyType = 1;
			remoteGlobalIDString = 300C1F9B2C6AA20C0081BB6F;
			remoteInfo = WeeklyPulse;
		};
		300C1FB82C6AA20D0081BB6F /* PBXContainerItemProxy */ = {
			isa = PBXContainerItemProxy;
			containerPortal = 300C1F942C6AA20C0081BB6F /* Project object */;
			proxyType = 1;
			remoteGlobalIDString = 300C1F9B2C6AA20C0081BB6F;
			remoteInfo = WeeklyPulse;
		};
/* End PBXContainerItemProxy section */

/* Begin PBXFileReference section */
		300C1F9C2C6AA20C0081BB6F /* WeeklyPulse.app */ = {isa = PBXFileReference; explicitFileType = wrapper.application; includeInIndex = 0; path = WeeklyPulse.app; sourceTree = BUILT_PRODUCTS_DIR; };
		300C1FAD2C6AA20D0081BB6F /* WeeklyPulseTests.xctest */ = {isa = PBXFileReference; explicitFileType = wrapper.cfbundle; includeInIndex = 0; path = WeeklyPulseTests.xctest; sourceTree = BUILT_PRODUCTS_DIR; };
		300C1FB72C6AA20D0081BB6F /* WeeklyPulseUITests.xctest */ = {isa = PBXFileReference; explicitFileType = wrapper.cfbundle; includeInIndex = 0; path = WeeklyPulseUITests.xctest; sourceTree = BUILT_PRODUCTS_DIR; };
		30EFF45D2C6AA42800408169 /* WeekNumberLibrary */ = {isa = PBXFileReference; lastKnownFileType = wrapper; path = WeekNumberLibrary; sourceTree = "<group>"; };
/* End PBXFileReference section */

/* Begin PBXFileSystemSynchronizedRootGroup section */
		300C1F9E2C6AA20C0081BB6F /* WeeklyPulse */ = {
			isa = PBXFileSystemSynchronizedRootGroup;
			path = WeeklyPulse;
			sourceTree = "<group>";
		};
		300C1FB02C6AA20D0081BB6F /* WeeklyPulseTests */ = {
			isa = PBXFileSystemSynchronizedRootGroup;
			path = WeeklyPulseTests;
			sourceTree = "<group>";
		};
		300C1FBA2C6AA20D0081BB6F /* WeeklyPulseUITests */ = {
			isa = PBXFileSystemSynchronizedRootGroup;
			path = WeeklyPulseUITests;
			sourceTree = "<group>";
		};
/* End PBXFileSystemSynchronizedRootGroup section */

/* Begin PBXFrameworksBuildPhase section */
		300C1F992C6AA20C0081BB6F /* Frameworks */ = {
			isa = PBXFrameworksBuildPhase;
			buildActionMask = 2147483647;
			files = (
				30EFF46E2C6AD5C100408169 /* WeekNumberLibrary in Frameworks */,
			);
			runOnlyForDeploymentPostprocessing = 0;
		};
		300C1FAA2C6AA20D0081BB6F /* Frameworks */ = {
			isa = PBXFrameworksBuildPhase;
			buildActionMask = 2147483647;
			files = (
			);
			runOnlyForDeploymentPostprocessing = 0;
		};
		300C1FB42C6AA20D0081BB6F /* Frameworks */ = {
			isa = PBXFrameworksBuildPhase;
			buildActionMask = 2147483647;
			files = (
			);
			runOnlyForDeploymentPostprocessing = 0;
		};
/* End PBXFrameworksBuildPhase section */

/* Begin PBXGroup section */
		300C1F932C6AA20C0081BB6F = {
			isa = PBXGroup;
			children = (
				300C1F9E2C6AA20C0081BB6F /* WeeklyPulse */,
				300C1FB02C6AA20D0081BB6F /* WeeklyPulseTests */,
				300C1FBA2C6AA20D0081BB6F /* WeeklyPulseUITests */,
				300C1F9D2C6AA20C0081BB6F /* Products */,
				30EFF45D2C6AA42800408169 /* WeekNumberLibrary */,
			);
			sourceTree = "<group>";
		};
		300C1F9D2C6AA20C0081BB6F /* Products */ = {
			isa = PBXGroup;
			children = (
				300C1F9C2C6AA20C0081BB6F /* WeeklyPulse.app */,
				300C1FAD2C6AA20D0081BB6F /* WeeklyPulseTests.xctest */,
				300C1FB72C6AA20D0081BB6F /* WeeklyPulseUITests.xctest */,
			);
			name = Products;
			sourceTree = "<group>";
		};
/* End PBXGroup section */

/* Begin PBXNativeTarget section */
		300C1F9B2C6AA20C0081BB6F /* WeeklyPulse */ = {
			isa = PBXNativeTarget;
			buildConfigurationList = 300C1FC12C6AA20D0081BB6F /* Build configuration list for PBXNativeTarget "WeeklyPulse" */;
			buildPhases = (
				300C1F982C6AA20C0081BB6F /* Sources */,
				300C1F992C6AA20C0081BB6F /* Frameworks */,
				300C1F9A2C6AA20C0081BB6F /* Resources */,
			);
			buildRules = (
			);
			dependencies = (
			);
			fileSystemSynchronizedGroups = (
				300C1F9E2C6AA20C0081BB6F /* WeeklyPulse */,
			);
			name = WeeklyPulse;
			packageProductDependencies = (
				30EFF46D2C6AD5C100408169 /* WeekNumberLibrary */,
			);
			productName = WeeklyPulse;
			productReference = 300C1F9C2C6AA20C0081BB6F /* WeeklyPulse.app */;
			productType = "com.apple.product-type.application";
		};
		300C1FAC2C6AA20D0081BB6F /* WeeklyPulseTests */ = {
			isa = PBXNativeTarget;
			buildConfigurationList = 300C1FC42C6AA20D0081BB6F /* Build configuration list for PBXNativeTarget "WeeklyPulseTests" */;
			buildPhases = (
				300C1FA92C6AA20D0081BB6F /* Sources */,
				300C1FAA2C6AA20D0081BB6F /* Frameworks */,
				300C1FAB2C6AA20D0081BB6F /* Resources */,
			);
			buildRules = (
			);
			dependencies = (
				300C1FAF2C6AA20D0081BB6F /* PBXTargetDependency */,
			);
			fileSystemSynchronizedGroups = (
				300C1FB02C6AA20D0081BB6F /* WeeklyPulseTests */,
			);
			name = WeeklyPulseTests;
			packageProductDependencies = (
			);
			productName = WeeklyPulseTests;
			productReference = 300C1FAD2C6AA20D0081BB6F /* WeeklyPulseTests.xctest */;
			productType = "com.apple.product-type.bundle.unit-test";
		};
		300C1FB62C6AA20D0081BB6F /* WeeklyPulseUITests */ = {
			isa = PBXNativeTarget;
			buildConfigurationList = 300C1FC72C6AA20D0081BB6F /* Build configuration list for PBXNativeTarget "WeeklyPulseUITests" */;
			buildPhases = (
				300C1FB32C6AA20D0081BB6F /* Sources */,
				300C1FB42C6AA20D0081BB6F /* Frameworks */,
				300C1FB52C6AA20D0081BB6F /* Resources */,
			);
			buildRules = (
			);
			dependencies = (
				300C1FB92C6AA20D0081BB6F /* PBXTargetDependency */,
			);
			fileSystemSynchronizedGroups = (
				300C1FBA2C6AA20D0081BB6F /* WeeklyPulseUITests */,
			);
			name = WeeklyPulseUITests;
			packageProductDependencies = (
			);
			productName = WeeklyPulseUITests;
			productReference = 300C1FB72C6AA20D0081BB6F /* WeeklyPulseUITests.xctest */;
			productType = "com.apple.product-type.bundle.ui-testing";
		};
/* End PBXNativeTarget section */

/* Begin PBXProject section */
		300C1F942C6AA20C0081BB6F /* Project object */ = {
			isa = PBXProject;
			attributes = {
				BuildIndependentTargetsInParallel = 1;
				LastSwiftUpdateCheck = 1600;
				LastUpgradeCheck = 1600;
				TargetAttributes = {
					300C1F9B2C6AA20C0081BB6F = {
						CreatedOnToolsVersion = 16.0;
					};
					300C1FAC2C6AA20D0081BB6F = {
						CreatedOnToolsVersion = 16.0;
						TestTargetID = 300C1F9B2C6AA20C0081BB6F;
					};
					300C1FB62C6AA20D0081BB6F = {
						CreatedOnToolsVersion = 16.0;
						TestTargetID = 300C1F9B2C6AA20C0081BB6F;
					};
				};
			};
			buildConfigurationList = 300C1F972C6AA20C0081BB6F /* Build configuration list for PBXProject "WeeklyPulse" */;
			developmentRegion = en;
			hasScannedForEncodings = 0;
			knownRegions = (
				en,
				Base,
			);
			mainGroup = 300C1F932C6AA20C0081BB6F;
			minimizedProjectReferenceProxies = 1;
			packageReferences = (
				30EFF46C2C6ACF2A00408169 /* XCLocalSwiftPackageReference "WeeklyPulse/WeekNumberLibrary" */,
			);
			preferredProjectObjectVersion = 77;
			productRefGroup = 300C1F9D2C6AA20C0081BB6F /* Products */;
			projectDirPath = "";
			projectRoot = "";
			targets = (
				300C1F9B2C6AA20C0081BB6F /* WeeklyPulse */,
				300C1FAC2C6AA20D0081BB6F /* WeeklyPulseTests */,
				300C1FB62C6AA20D0081BB6F /* WeeklyPulseUITests */,
			);
		};
/* End PBXProject section */

/* Begin PBXResourcesBuildPhase section */
		300C1F9A2C6AA20C0081BB6F /* Resources */ = {
			isa = PBXResourcesBuildPhase;
			buildActionMask = 2147483647;
			files = (
				30EFF4602C6AA42800408169 /* WeekNumberLibrary in Resources */,
			);
			runOnlyForDeploymentPostprocessing = 0;
		};
		300C1FAB2C6AA20D0081BB6F /* Resources */ = {
			isa = PBXResourcesBuildPhase;
			buildActionMask = 2147483647;
			files = (
			);
			runOnlyForDeploymentPostprocessing = 0;
		};
		300C1FB52C6AA20D0081BB6F /* Resources */ = {
			isa = PBXResourcesBuildPhase;
			buildActionMask = 2147483647;
			files = (
			);
			runOnlyForDeploymentPostprocessing = 0;
		};
/* End PBXResourcesBuildPhase section */

/* Begin PBXSourcesBuildPhase section */
		300C1F982C6AA20C0081BB6F /* Sources */ = {
			isa = PBXSourcesBuildPhase;
			buildActionMask = 2147483647;
			files = (
			);
			runOnlyForDeploymentPostprocessing = 0;
		};
		300C1FA92C6AA20D0081BB6F /* Sources */ = {
			isa = PBXSourcesBuildPhase;
			buildActionMask = 2147483647;
			files = (
			);
			runOnlyForDeploymentPostprocessing = 0;
		};
		300C1FB32C6AA20D0081BB6F /* Sources */ = {
			isa = PBXSourcesBuildPhase;
			buildActionMask = 2147483647;
			files = (
			);
			runOnlyForDeploymentPostprocessing = 0;
		};
/* End PBXSourcesBuildPhase section */

/* Begin PBXTargetDependency section */
		300C1FAF2C6AA20D0081BB6F /* PBXTargetDependency */ = {
			isa = PBXTargetDependency;
			target = 300C1F9B2C6AA20C0081BB6F /* WeeklyPulse */;
			targetProxy = 300C1FAE2C6AA20D0081BB6F /* PBXContainerItemProxy */;
		};
		300C1FB92C6AA20D0081BB6F /* PBXTargetDependency */ = {
			isa = PBXTargetDependency;
			target = 300C1F9B2C6AA20C0081BB6F /* WeeklyPulse */;
			targetProxy = 300C1FB82C6AA20D0081BB6F /* PBXContainerItemProxy */;
		};
/* End PBXTargetDependency section */

/* Begin XCBuildConfiguration section */
		300C1FBF2C6AA20D0081BB6F /* Debug */ = {
			isa = XCBuildConfiguration;
			buildSettings = {
				ALWAYS_SEARCH_USER_PATHS = NO;
				ASSETCATALOG_COMPILER_GENERATE_SWIFT_ASSET_SYMBOL_EXTENSIONS = YES;
				CLANG_ANALYZER_NONNULL = YES;
				CLANG_ANALYZER_NUMBER_OBJECT_CONVERSION = YES_AGGRESSIVE;
				CLANG_CXX_LANGUAGE_STANDARD = "gnu++20";
				CLANG_ENABLE_MODULES = YES;
				CLANG_ENABLE_OBJC_ARC = YES;
				CLANG_ENABLE_OBJC_WEAK = YES;
				CLANG_WARN_BLOCK_CAPTURE_AUTORELEASING = YES;
				CLANG_WARN_BOOL_CONVERSION = YES;
				CLANG_WARN_COMMA = YES;
				CLANG_WARN_CONSTANT_CONVERSION = YES;
				CLANG_WARN_DEPRECATED_OBJC_IMPLEMENTATIONS = YES;
				CLANG_WARN_DIRECT_OBJC_ISA_USAGE = YES_ERROR;
				CLANG_WARN_DOCUMENTATION_COMMENTS = YES;
				CLANG_WARN_EMPTY_BODY = YES;
				CLANG_WARN_ENUM_CONVERSION = YES;
				CLANG_WARN_INFINITE_RECURSION = YES;
				CLANG_WARN_INT_CONVERSION = YES;
				CLANG_WARN_NON_LITERAL_NULL_CONVERSION = YES;
				CLANG_WARN_OBJC_IMPLICIT_RETAIN_SELF = YES;
				CLANG_WARN_OBJC_LITERAL_CONVERSION = YES;
				CLANG_WARN_OBJC_ROOT_CLASS = YES_ERROR;
				CLANG_WARN_QUOTED_INCLUDE_IN_FRAMEWORK_HEADER = YES;
				CLANG_WARN_RANGE_LOOP_ANALYSIS = YES;
				CLANG_WARN_STRICT_PROTOTYPES = YES;
				CLANG_WARN_SUSPICIOUS_MOVE = YES;
				CLANG_WARN_UNGUARDED_AVAILABILITY = YES_AGGRESSIVE;
				CLANG_WARN_UNREACHABLE_CODE = YES;
				CLANG_WARN__DUPLICATE_METHOD_MATCH = YES;
				COPY_PHASE_STRIP = NO;
				DEBUG_INFORMATION_FORMAT = dwarf;
				ENABLE_STRICT_OBJC_MSGSEND = YES;
				ENABLE_TESTABILITY = YES;
				ENABLE_USER_SCRIPT_SANDBOXING = YES;
				GCC_C_LANGUAGE_STANDARD = gnu17;
				GCC_DYNAMIC_NO_PIC = NO;
				GCC_NO_COMMON_BLOCKS = YES;
				GCC_OPTIMIZATION_LEVEL = 0;
				GCC_PREPROCESSOR_DEFINITIONS = (
					"DEBUG=1",
					"$(inherited)",
				);
				GCC_WARN_64_TO_32_BIT_CONVERSION = YES;
				GCC_WARN_ABOUT_RETURN_TYPE = YES_ERROR;
				GCC_WARN_UNDECLARED_SELECTOR = YES;
				GCC_WARN_UNINITIALIZED_AUTOS = YES_AGGRESSIVE;
				GCC_WARN_UNUSED_FUNCTION = YES;
				GCC_WARN_UNUSED_VARIABLE = YES;
				LOCALIZATION_PREFERS_STRING_CATALOGS = YES;
				MACOSX_DEPLOYMENT_TARGET = 15.0;
				MTL_ENABLE_DEBUG_INFO = INCLUDE_SOURCE;
				MTL_FAST_MATH = YES;
				ONLY_ACTIVE_ARCH = YES;
				SDKROOT = macosx;
				SWIFT_ACTIVE_COMPILATION_CONDITIONS = "DEBUG $(inherited)";
				SWIFT_OPTIMIZATION_LEVEL = "-Onone";
			};
			name = Debug;
		};
		300C1FC02C6AA20D0081BB6F /* Release */ = {
			isa = XCBuildConfiguration;
			buildSettings = {
				ALWAYS_SEARCH_USER_PATHS = NO;
				ASSETCATALOG_COMPILER_GENERATE_SWIFT_ASSET_SYMBOL_EXTENSIONS = YES;
				CLANG_ANALYZER_NONNULL = YES;
				CLANG_ANALYZER_NUMBER_OBJECT_CONVERSION = YES_AGGRESSIVE;
				CLANG_CXX_LANGUAGE_STANDARD = "gnu++20";
				CLANG_ENABLE_MODULES = YES;
				CLANG_ENABLE_OBJC_ARC = YES;
				CLANG_ENABLE_OBJC_WEAK = YES;
				CLANG_WARN_BLOCK_CAPTURE_AUTORELEASING = YES;
				CLANG_WARN_BOOL_CONVERSION = YES;
				CLANG_WARN_COMMA = YES;
				CLANG_WARN_CONSTANT_CONVERSION = YES;
				CLANG_WARN_DEPRECATED_OBJC_IMPLEMENTATIONS = YES;
				CLANG_WARN_DIRECT_OBJC_ISA_USAGE = YES_ERROR;
				CLANG_WARN_DOCUMENTATION_COMMENTS = YES;
				CLANG_WARN_EMPTY_BODY = YES;
				CLANG_WARN_ENUM_CONVERSION = YES;
				CLANG_WARN_INFINITE_RECURSION = YES;
				CLANG_WARN_INT_CONVERSION = YES;
				CLANG_WARN_NON_LITERAL_NULL_CONVERSION = YES;
				CLANG_WARN_OBJC_IMPLICIT_RETAIN_SELF = YES;
				CLANG_WARN_OBJC_LITERAL_CONVERSION = YES;
				CLANG_WARN_OBJC_ROOT_CLASS = YES_ERROR;
				CLANG_WARN_QUOTED_INCLUDE_IN_FRAMEWORK_HEADER = YES;
				CLANG_WARN_RANGE_LOOP_ANALYSIS = YES;
				CLANG_WARN_STRICT_PROTOTYPES = YES;
				CLANG_WARN_SUSPICIOUS_MOVE = YES;
				CLANG_WARN_UNGUARDED_AVAILABILITY = YES_AGGRESSIVE;
				CLANG_WARN_UNREACHABLE_CODE = YES;
				CLANG_WARN__DUPLICATE_METHOD_MATCH = YES;
				COPY_PHASE_STRIP = NO;
				DEBUG_INFORMATION_FORMAT = "dwarf-with-dsym";
				ENABLE_NS_ASSERTIONS = NO;
				ENABLE_STRICT_OBJC_MSGSEND = YES;
				ENABLE_USER_SCRIPT_SANDBOXING = YES;
				GCC_C_LANGUAGE_STANDARD = gnu17;
				GCC_NO_COMMON_BLOCKS = YES;
				GCC_WARN_64_TO_32_BIT_CONVERSION = YES;
				GCC_WARN_ABOUT_RETURN_TYPE = YES_ERROR;
				GCC_WARN_UNDECLARED_SELECTOR = YES;
				GCC_WARN_UNINITIALIZED_AUTOS = YES_AGGRESSIVE;
				GCC_WARN_UNUSED_FUNCTION = YES;
				GCC_WARN_UNUSED_VARIABLE = YES;
				LOCALIZATION_PREFERS_STRING_CATALOGS = YES;
				MACOSX_DEPLOYMENT_TARGET = 15.0;
				MTL_ENABLE_DEBUG_INFO = NO;
				MTL_FAST_MATH = YES;
				SDKROOT = macosx;
				SWIFT_COMPILATION_MODE = wholemodule;
			};
			name = Release;
		};
		300C1FC22C6AA20D0081BB6F /* Debug */ = {
			isa = XCBuildConfiguration;
			buildSettings = {
				ASSETCATALOG_COMPILER_APPICON_NAME = AppIcon;
				ASSETCATALOG_COMPILER_GLOBAL_ACCENT_COLOR_NAME = AccentColor;
				CODE_SIGN_ENTITLEMENTS = WeeklyPulse/WeeklyPulse.entitlements;
				CODE_SIGN_STYLE = Automatic;
				COMBINE_HIDPI_IMAGES = YES;
				CURRENT_PROJECT_VERSION = 1;
				DEVELOPMENT_ASSET_PATHS = "\"WeeklyPulse/Preview Content\"";
				ENABLE_PREVIEWS = YES;
				GENERATE_INFOPLIST_FILE = YES;
				INFOPLIST_KEY_LSUIElement = YES;
				LD_RUNPATH_SEARCH_PATHS = (
					"$(inherited)",
					"@executable_path/../Frameworks",
				);
				MARKETING_VERSION = 1.0;
				PRODUCT_BUNDLE_IDENTIFIER = com.ngeen.WeeklyPulse;
				PRODUCT_NAME = "$(TARGET_NAME)";
				SWIFT_EMIT_LOC_STRINGS = YES;
				SWIFT_VERSION = 5.0;
			};
			name = Debug;
		};
		300C1FC32C6AA20D0081BB6F /* Release */ = {
			isa = XCBuildConfiguration;
			buildSettings = {
				ASSETCATALOG_COMPILER_APPICON_NAME = AppIcon;
				ASSETCATALOG_COMPILER_GLOBAL_ACCENT_COLOR_NAME = AccentColor;
				CODE_SIGN_ENTITLEMENTS = WeeklyPulse/WeeklyPulse.entitlements;
				CODE_SIGN_STYLE = Automatic;
				COMBINE_HIDPI_IMAGES = YES;
				CURRENT_PROJECT_VERSION = 1;
				DEVELOPMENT_ASSET_PATHS = "\"WeeklyPulse/Preview Content\"";
				ENABLE_PREVIEWS = YES;
				GENERATE_INFOPLIST_FILE = YES;
				INFOPLIST_KEY_LSUIElement = YES;
				LD_RUNPATH_SEARCH_PATHS = (
					"$(inherited)",
					"@executable_path/../Frameworks",
				);
				MARKETING_VERSION = 1.0;
				PRODUCT_BUNDLE_IDENTIFIER = com.ngeen.WeeklyPulse;
				PRODUCT_NAME = "$(TARGET_NAME)";
				SWIFT_EMIT_LOC_STRINGS = YES;
				SWIFT_VERSION = 5.0;
			};
			name = Release;
		};
		300C1FC52C6AA20D0081BB6F /* Debug */ = {
			isa = XCBuildConfiguration;
			buildSettings = {
				BUNDLE_LOADER = "$(TEST_HOST)";
				CODE_SIGN_STYLE = Automatic;
				CURRENT_PROJECT_VERSION = 1;
				GENERATE_INFOPLIST_FILE = YES;
				MACOSX_DEPLOYMENT_TARGET = 15.0;
				MARKETING_VERSION = 1.0;
				PRODUCT_BUNDLE_IDENTIFIER = com.ngeen.WeeklyPulseTests;
				PRODUCT_NAME = "$(TARGET_NAME)";
				SWIFT_EMIT_LOC_STRINGS = NO;
				SWIFT_VERSION = 5.0;
				TEST_HOST = "$(BUILT_PRODUCTS_DIR)/WeeklyPulse.app/$(BUNDLE_EXECUTABLE_FOLDER_PATH)/WeeklyPulse";
			};
			name = Debug;
		};
		300C1FC62C6AA20D0081BB6F /* Release */ = {
			isa = XCBuildConfiguration;
			buildSettings = {
				BUNDLE_LOADER = "$(TEST_HOST)";
				CODE_SIGN_STYLE = Automatic;
				CURRENT_PROJECT_VERSION = 1;
				GENERATE_INFOPLIST_FILE = YES;
				MACOSX_DEPLOYMENT_TARGET = 15.0;
				MARKETING_VERSION = 1.0;
				PRODUCT_BUNDLE_IDENTIFIER = com.ngeen.WeeklyPulseTests;
				PRODUCT_NAME = "$(TARGET_NAME)";
				SWIFT_EMIT_LOC_STRINGS = NO;
				SWIFT_VERSION = 5.0;
				TEST_HOST = "$(BUILT_PRODUCTS_DIR)/WeeklyPulse.app/$(BUNDLE_EXECUTABLE_FOLDER_PATH)/WeeklyPulse";
			};
			name = Release;
		};
		300C1FC82C6AA20D0081BB6F /* Debug */ = {
			isa = XCBuildConfiguration;
			buildSettings = {
				CODE_SIGN_STYLE = Automatic;
				CURRENT_PROJECT_VERSION = 1;
				GENERATE_INFOPLIST_FILE = YES;
				MARKETING_VERSION = 1.0;
				PRODUCT_BUNDLE_IDENTIFIER = com.ngeen.WeeklyPulseUITests;
				PRODUCT_NAME = "$(TARGET_NAME)";
				SWIFT_EMIT_LOC_STRINGS = NO;
				SWIFT_VERSION = 5.0;
				TEST_TARGET_NAME = WeeklyPulse;
			};
			name = Debug;
		};
		300C1FC92C6AA20D0081BB6F /* Release */ = {
			isa = XCBuildConfiguration;
			buildSettings = {
				CODE_SIGN_STYLE = Automatic;
				CURRENT_PROJECT_VERSION = 1;
				GENERATE_INFOPLIST_FILE = YES;
				MARKETING_VERSION = 1.0;
				PRODUCT_BUNDLE_IDENTIFIER = com.ngeen.WeeklyPulseUITests;
				PRODUCT_NAME = "$(TARGET_NAME)";
				SWIFT_EMIT_LOC_STRINGS = NO;
				SWIFT_VERSION = 5.0;
				TEST_TARGET_NAME = WeeklyPulse;
			};
			name = Release;
		};
/* End XCBuildConfiguration section */

/* Begin XCConfigurationList section */
		300C1F972C6AA20C0081BB6F /* Build configuration list for PBXProject "WeeklyPulse" */ = {
			isa = XCConfigurationList;
			buildConfigurations = (
				300C1FBF2C6AA20D0081BB6F /* Debug */,
				300C1FC02C6AA20D0081BB6F /* Release */,
			);
			defaultConfigurationIsVisible = 0;
			defaultConfigurationName = Release;
		};
		300C1FC12C6AA20D0081BB6F /* Build configuration list for PBXNativeTarget "WeeklyPulse" */ = {
			isa = XCConfigurationList;
			buildConfigurations = (
				300C1FC22C6AA20D0081BB6F /* Debug */,
				300C1FC32C6AA20D0081BB6F /* Release */,
			);
			defaultConfigurationIsVisible = 0;
			defaultConfigurationName = Release;
		};
		300C1FC42C6AA20D0081BB6F /* Build configuration list for PBXNativeTarget "WeeklyPulseTests" */ = {
			isa = XCConfigurationList;
			buildConfigurations = (
				300C1FC52C6AA20D0081BB6F /* Debug */,
				300C1FC62C6AA20D0081BB6F /* Release */,
			);
			defaultConfigurationIsVisible = 0;
			defaultConfigurationName = Release;
		};
		300C1FC72C6AA20D0081BB6F /* Build configuration list for PBXNativeTarget "WeeklyPulseUITests" */ = {
			isa = XCConfigurationList;
			buildConfigurations = (
				300C1FC82C6AA20D0081BB6F /* Debug */,
				300C1FC92C6AA20D0081BB6F /* Release */,
			);
			defaultConfigurationIsVisible = 0;
			defaultConfigurationName = Release;
		};
/* End XCConfigurationList section */

/* Begin XCLocalSwiftPackageReference section */
		30EFF46C2C6ACF2A00408169 /* XCLocalSwiftPackageReference "WeeklyPulse/WeekNumberLibrary" */ = {
			isa = XCLocalSwiftPackageReference;
			relativePath = WeeklyPulse/WeekNumberLibrary;
		};
/* End XCLocalSwiftPackageReference section */

/* Begin XCSwiftPackageProductDependency section */
		30EFF46D2C6AD5C100408169 /* WeekNumberLibrary */ = {
			isa = XCSwiftPackageProductDependency;
			productName = WeekNumberLibrary;
		};
/* End XCSwiftPackageProductDependency section */
	};
	rootObject = 300C1F942C6AA20C0081BB6F /* Project object */;
}
